// !$*UTF8*$!
{
	archiveVersion = 1;
	classes = {
	};
	objectVersion = 50;
	objects = {

/* Begin PBXBuildFile section */
		153035E3237FD19100DB9E6E /* MDNode.h in Headers */ = {isa = PBXBuildFile; fileRef = 153035E1237FD19100DB9E6E /* MDNode.h */; settings = {ATTRIBUTES = (Public, ); }; };
		153035E4237FD19100DB9E6E /* MDNode.mm in Sources */ = {isa = PBXBuildFile; fileRef = 153035E2237FD19100DB9E6E /* MDNode.mm */; };
		153035E6237FD45200DB9E6E /* MDNode_internal.h in Headers */ = {isa = PBXBuildFile; fileRef = 153035E5237FD45200DB9E6E /* MDNode_internal.h */; };
		15478C63237F890A0097C349 /* CMarkParser.h in Headers */ = {isa = PBXBuildFile; fileRef = 15478C61237F890A0097C349 /* CMarkParser.h */; };
		15478C64237F890A0097C349 /* CMarkParser.mm in Sources */ = {isa = PBXBuildFile; fileRef = 15478C62237F890A0097C349 /* CMarkParser.mm */; };
		15478C66237F8A990097C349 /* MarkdiumTypes.h in Headers */ = {isa = PBXBuildFile; fileRef = 15478C65237F8A990097C349 /* MarkdiumTypes.h */; settings = {ATTRIBUTES = (Public, ); }; };
		15478C68237F8AE40097C349 /* MarkdiumTypes.mm in Sources */ = {isa = PBXBuildFile; fileRef = 15478C67237F8AE40097C349 /* MarkdiumTypes.mm */; };
		15640120237E9C6100F8CD81 /* main.m in Sources */ = {isa = PBXBuildFile; fileRef = 1564011F237E9C6100F8CD81 /* main.m */; };
		15640127237E9C8100F8CD81 /* Markdium.framework in Frameworks */ = {isa = PBXBuildFile; fileRef = 15FC6511237E4EF700B5DFB0 /* Markdium.framework */; };
		156A628C2F9B396A000CA06D /* arena.c in Sources */ = {isa = PBXBuildFile; fileRef = 156A626A2F9B396A000CA06D /* arena.c */; };
		156A628D2F9B396A000CA06D /* xml.c in Sources */ = {isa = PBXBuildFile; fileRef = 156A628A2F9B396A000CA06D /* xml.c */; };
		156A628E2F9B396A000CA06D /* linked_list.c in Sources */ = {isa = PBXBuildFile; fileRef = 156A627D2F9B396A000CA06D /* linked_list.c */; };
		156A628F2F9B396A000CA06D /* table.c in Sources */ = {isa = PBXBuildFile; fileRef = 156A624A2F9B396A000CA06D /* table.c */; };
		156A62902F9B396A000CA06D /* references.c in Sources */ = {isa = PBXBuildFile; fileRef = 156A62832F9B396A000CA06D /* references.c */; };
		156A62912F9B396A000CA06D /* latex.c in Sources */ = {isa = PBXBuildFile; fileRef = 156A627B2F9B396A000CA06D /* latex.c */; };
		156A62922F9B396A000CA06D /* map.c in Sources */ = {isa = PBXBuildFile; fileRef = 156A627F2F9B396A000CA06D /* map.c */; };
		156A62932F9B396A000CA06D /* autolink.c in Sources */ = {isa = PBXBuildFile; fileRef = 156A62412F9B396A000CA06D /* autolink.c */; };
		156A62942F9B396A000CA06D /* plugin.c in Sources */ = {isa = PBXBuildFile; fileRef = 156A62822F9B396A000CA06D /* plugin.c */; };
		156A62952F9B396A000CA06D /* node.c in Sources */ = {isa = PBXBuildFile; fileRef = 156A62802F9B396A000CA06D /* node.c */; };
		156A62982F9B396A000CA06D /* man.c in Sources */ = {isa = PBXBuildFile; fileRef = 156A627E2F9B396A000CA06D /* man.c */; };
		156A62992F9B396A000CA06D /* buffer.c in Sources */ = {isa = PBXBuildFile; fileRef = 156A626C2F9B396A000CA06D /* buffer.c */; };
		156A629A2F9B396A000CA06D /* tasklist.c in Sources */ = {isa = PBXBuildFile; fileRef = 156A624E2F9B396A000CA06D /* tasklist.c */; };
		156A629B2F9B396A000CA06D /* utf8.c in Sources */ = {isa = PBXBuildFile; fileRef = 156A62892F9B396A000CA06D /* utf8.c */; };
		156A629C2F9B396A000CA06D /* scanners.c in Sources */ = {isa = PBXBuildFile; fileRef = 156A62862F9B396A000CA06D /* scanners.c */; };
		156A629D2F9B396A000CA06D /* strikethrough.c in Sources */ = {isa = PBXBuildFile; fileRef = 156A62482F9B396A000CA06D /* strikethrough.c */; };
		156A629E2F9B396A000CA06D /* cmark.c in Sources */ = {isa = PBXBuildFile; fileRef = 156A626F2F9B396A000CA06D /* cmark.c */; };
		156A629F2F9B396A000CA06D /* tagfilter.c in Sources */ = {isa = PBXBuildFile; fileRef = 156A624C2F9B396A000CA06D /* tagfilter.c */; };
		156A62A02F9B396A000CA06D /* footnotes.c in Sources */ = {isa = PBXBuildFile; fileRef = 156A62742F9B396A000CA06D /* footnotes.c */; };
		156A62A12F9B396A000CA06D /* plaintext.c in Sources */ = {isa = PBXBuildFile; fileRef = 156A62812F9B396A000CA06D /* plaintext.c */; };
		156A62A22F9B396A000CA06D /* render.c in Sources */ = {isa = PBXBuildFile; fileRef = 156A62852F9B396A000CA06D /* render.c */; };
		156A62A32F9B396A000CA06D /* iterator.c in Sources */ = {isa = PBXBuildFile; fileRef = 156A627A2F9B396A000CA06D /* iterator.c */; };
		156A62A42F9B396A000CA06D /* html.c in Sources */ = {isa = PBXBuildFile; fileRef = 156A62782F9B396A000CA06D /* html.c */; };
		156A62A52F9B396A000CA06D /* commonmark.c in Sources */ = {isa = PBXBuildFile; fileRef = 156A62712F9B396A000CA06D /* commonmark.c */; };
		156A62A62F9B396A000CA06D /* houdini_html_e.c in Sources */ = {isa = PBXBuildFile; fileRef = 156A62762F9B396A000CA06D /* houdini_html_e.c */; };
		156A62A72F9B396A000CA06D /* registry.c in Sources */ = {isa = PBXBuildFile; fileRef = 156A62842F9B396A000CA06D /* registry.c */; };
		156A62A82F9B396A000CA06D /* syntax_extension.c in Sources */ = {isa = PBXBuildFile; fileRef = 156A62882F9B396A000CA06D /* syntax_extension.c */; };
		156A62A92F9B396A000CA06D /* houdini_html_u.c in Sources */ = {isa = PBXBuildFile; fileRef = 156A62772F9B396A000CA06D /* houdini_html_u.c */; };
		156A62AA2F9B396A000CA06D /* inlines.c in Sources */ = {isa = PBXBuildFile; fileRef = 156A62792F9B396A000CA06D /* inlines.c */; };
		156A62AB2F9B396A000CA06D /* houdini_href_e.c in Sources */ = {isa = PBXBuildFile; fileRef = 156A62752F9B396A000CA06D /* houdini_href_e.c */; };
		156A62AC2F9B396A000CA06D /* blocks.c in Sources */ = {isa = PBXBuildFile; fileRef = 156A626B2F9B396A000CA06D /* blocks.c */; };
		156A62AD2F9B396A000CA06D /* ext_scanners.c in Sources */ = {isa = PBXBuildFile; fileRef = 156A62452F9B396A000CA06D /* ext_scanners.c */; };
		156A62AE2F9B396A000CA06D /* cmark_ctype.c in Sources */ = {isa = PBXBuildFile; fileRef = 156A62702F9B396A000CA06D /* cmark_ctype.c */; };
		156A62AF2F9B396A000CA06D /* core-extensions.c in Sources */ = {isa = PBXBuildFile; fileRef = 156A62432F9B396A000CA06D /* core-extensions.c */; };
		156A62B62F9B396A000CA06D /* houdini.h in Headers */ = {isa = PBXBuildFile; fileRef = 156A62592F9B396A000CA06D /* houdini.h */; };
		156A62B72F9B396A000CA06D /* scanners.h in Headers */ = {isa = PBXBuildFile; fileRef = 156A62662F9B396A000CA06D /* scanners.h */; };
		156A62B82F9B396A000CA06D /* export.h in Headers */ = {isa = PBXBuildFile; fileRef = 156A62572F9B396A000CA06D /* export.h */; settings = {ATTRIBUTES = (Public, ); }; };
		156A62B92F9B396A000CA06D /* buffer.h in Headers */ = {isa = PBXBuildFile; fileRef = 156A62502F9B396A000CA06D /* buffer.h */; settings = {ATTRIBUTES = (Public, ); }; };
		156A62BA2F9B396A000CA06D /* html.h in Headers */ = {isa = PBXBuildFile; fileRef = 156A625A2F9B396A000CA06D /* html.h */; };
		156A62BB2F9B396A000CA06D /* tasklist.h in Headers */ = {isa = PBXBuildFile; fileRef = 156A624D2F9B396A000CA06D /* tasklist.h */; };
		156A62BC2F9B396A000CA06D /* iterator.h in Headers */ = {isa = PBXBuildFile; fileRef = 156A625C2F9B396A000CA06D /* iterator.h */; };
		156A62BD2F9B396A000CA06D /* mutex.h in Headers */ = {isa = PBXBuildFile; fileRef = 156A625F2F9B396A000CA06D /* mutex.h */; };
		156A62BE2F9B396A000CA06D /* cmark-gfm_version.h in Headers */ = {isa = PBXBuildFile; fileRef = 156A62552F9B396A000CA06D /* cmark-gfm_version.h */; settings = {ATTRIBUTES = (Public, ); }; };
		156A62BF2F9B396A000CA06D /* strikethrough.h in Headers */ = {isa = PBXBuildFile; fileRef = 156A62472F9B396A000CA06D /* strikethrough.h */; };
		156A62C02F9B396A000CA06D /* cmark-gfm_config.h in Headers */ = {isa = PBXBuildFile; fileRef = 156A62542F9B396A000CA06D /* cmark-gfm_config.h */; settings = {ATTRIBUTES = (Public, ); }; };
		156A62C12F9B396A000CA06D /* registry.h in Headers */ = {isa = PBXBuildFile; fileRef = 156A62642F9B396A000CA06D /* registry.h */; };
		156A62C22F9B396A000CA06D /* node.h in Headers */ = {isa = PBXBuildFile; fileRef = 156A62602F9B396A000CA06D /* node.h */; settings = {ATTRIBUTES = (Public, ); }; };
		156A62C32F9B396A000CA06D /* syntax_extension.h in Headers */ = {isa = PBXBuildFile; fileRef = 156A62672F9B396A000CA06D /* syntax_extension.h */; };
		156A62C42F9B396A000CA06D /* cmark-gfm-extension_api.h in Headers */ = {isa = PBXBuildFile; fileRef = 156A62562F9B396A000CA06D /* cmark-gfm-extension_api.h */; settings = {ATTRIBUTES = (Public, ); }; };
		156A62C52F9B396A000CA06D /* references.h in Headers */ = {isa = PBXBuildFile; fileRef = 156A62632F9B396A000CA06D /* references.h */; };
		156A62C62F9B396A000CA06D /* parser.h in Headers */ = {isa = PBXBuildFile; fileRef = 156A62612F9B396A000CA06D /* parser.h */; };
		156A62C72F9B396A000CA06D /* plugin.h in Headers */ = {isa = PBXBuildFile; fileRef = 156A62622F9B396A000CA06D /* plugin.h */; };
		156A62C82F9B396A000CA06D /* ext_scanners.h in Headers */ = {isa = PBXBuildFile; fileRef = 156A62442F9B396A000CA06D /* ext_scanners.h */; };
		156A62C92F9B396A000CA06D /* inlines.h in Headers */ = {isa = PBXBuildFile; fileRef = 156A625B2F9B396A000CA06D /* inlines.h */; };
		156A62CA2F9B396A000CA06D /* cmark-gfm-core-extensions.h in Headers */ = {isa = PBXBuildFile; fileRef = 156A623D2F9B396A000CA06D /* cmark-gfm-core-extensions.h */; settings = {ATTRIBUTES = (Public, ); }; };
		156A62CB2F9B396A000CA06D /* autolink.h in Headers */ = {isa = PBXBuildFile; fileRef = 156A62402F9B396A000CA06D /* autolink.h */; };
		156A62CC2F9B396A000CA06D /* map.h in Headers */ = {isa = PBXBuildFile; fileRef = 156A625D2F9B396A000CA06D /* map.h */; };
		156A62CD2F9B396A000CA06D /* tagfilter.h in Headers */ = {isa = PBXBuildFile; fileRef = 156A624B2F9B396A000CA06D /* tagfilter.h */; };
		156A62CE2F9B396A000CA06D /* render.h in Headers */ = {isa = PBXBuildFile; fileRef = 156A62652F9B396A000CA06D /* render.h */; };
		156A62CF2F9B396A000CA06D /* cmark_ctype.h in Headers */ = {isa = PBXBuildFile; fileRef = 156A62522F9B396A000CA06D /* cmark_ctype.h */; settings = {ATTRIBUTES = (Public, ); }; };
		156A62D02F9B396A000CA06D /* chunk.h in Headers */ = {isa = PBXBuildFile; fileRef = 156A62512F9B396A000CA06D /* chunk.h */; settings = {ATTRIBUTES = (Public, ); }; };
		156A62D12F9B396A000CA06D /* cmark-gfm.h in Headers */ = {isa = PBXBuildFile; fileRef = 156A62532F9B396A000CA06D /* cmark-gfm.h */; settings = {ATTRIBUTES = (Public, ); }; };
		156A62D22F9B396A000CA06D /* footnotes.h in Headers */ = {isa = PBXBuildFile; fileRef = 156A62582F9B396A000CA06D /* footnotes.h */; };
		156A62D32F9B396A000CA06D /* utf8.h in Headers */ = {isa = PBXBuildFile; fileRef = 156A62682F9B396A000CA06D /* utf8.h */; };
		156A62D42F9B396A000CA06D /* table.h in Headers */ = {isa = PBXBuildFile; fileRef = 156A62492F9B396A000CA06D /* table.h */; };
		15FC6516237E4EF700B5DFB0 /* Markdium.h in Headers */ = {isa = PBXBuildFile; fileRef = 15FC6514237E4EF700B5DFB0 /* Markdium.h */; settings = {ATTRIBUTES = (Public, ); }; };
		15FC65B1237E526800B5DFB0 /* config.h in Headers */ = {isa = PBXBuildFile; fileRef = 15FC65AE237E526800B5DFB0 /* config.h */; settings = {ATTRIBUTES = (Public, ); }; };
		15FC65B6237E532300B5DFB0 /* Markdium.mm in Sources */ = {isa = PBXBuildFile; fileRef = 15FC65B5237E532300B5DFB0 /* Markdium.mm */; };
		15FC689A237E684E00B5DFB0 /* Markdium-Prefix.pch in Headers */ = {isa = PBXBuildFile; fileRef = 15FC6899237E684E00B5DFB0 /* Markdium-Prefix.pch */; };
/* End PBXBuildFile section */

/* Begin PBXContainerItemProxy section */
		15640124237E9C7B00F8CD81 /* PBXContainerItemProxy */ = {
			isa = PBXContainerItemProxy;
			containerPortal = 15FC6508237E4EF700B5DFB0 /* Project object */;
			proxyType = 1;
			remoteGlobalIDString = 15FC6510237E4EF700B5DFB0;
			remoteInfo = Markdium;
		};
/* End PBXContainerItemProxy section */

/* Begin PBXCopyFilesBuildPhase section */
		1564011B237E9C6100F8CD81 /* CopyFiles */ = {
			isa = PBXCopyFilesBuildPhase;
			buildActionMask = 2147483647;
			dstPath = /usr/share/man/man1/;
			dstSubfolderSpec = 0;
			files = (
			);
			runOnlyForDeploymentPostprocessing = 1;
		};
/* End PBXCopyFilesBuildPhase section */

/* Begin PBXFileReference section */
		153035E1237FD19100DB9E6E /* MDNode.h */ = {isa = PBXFileReference; lastKnownFileType = sourcecode.c.h; path = MDNode.h; sourceTree = "<group>"; };
		153035E2237FD19100DB9E6E /* MDNode.mm */ = {isa = PBXFileReference; lastKnownFileType = sourcecode.cpp.objcpp; path = MDNode.mm; sourceTree = "<group>"; };
		153035E5237FD45200DB9E6E /* MDNode_internal.h */ = {isa = PBXFileReference; lastKnownFileType = sourcecode.c.h; path = MDNode_internal.h; sourceTree = "<group>"; };
		15478C61237F890A0097C349 /* CMarkParser.h */ = {isa = PBXFileReference; lastKnownFileType = sourcecode.c.h; path = CMarkParser.h; sourceTree = "<group>"; };
		15478C62237F890A0097C349 /* CMarkParser.mm */ = {isa = PBXFileReference; lastKnownFileType = sourcecode.cpp.objcpp; path = CMarkParser.mm; sourceTree = "<group>"; };
		15478C65237F8A990097C349 /* MarkdiumTypes.h */ = {isa = PBXFileReference; lastKnownFileType = sourcecode.c.h; path = MarkdiumTypes.h; sourceTree = "<group>"; };
		15478C67237F8AE40097C349 /* MarkdiumTypes.mm */ = {isa = PBXFileReference; fileEncoding = 4; lastKnownFileType = sourcecode.cpp.objcpp; path = MarkdiumTypes.mm; sourceTree = "<group>"; };
		1564011D237E9C6100F8CD81 /* cmark-gfm */ = {isa = PBXFileReference; explicitFileType = "compiled.mach-o.executable"; includeInIndex = 0; path = "cmark-gfm"; sourceTree = BUILT_PRODUCTS_DIR; };
		1564011F237E9C6100F8CD81 /* main.m */ = {isa = PBXFileReference; lastKnownFileType = sourcecode.c.objc; path = main.m; sourceTree = "<group>"; };
		156A623D2F9B396A000CA06D /* cmark-gfm-core-extensions.h */ = {isa = PBXFileReference; lastKnownFileType = sourcecode.c.h; path = "cmark-gfm-core-extensions.h"; sourceTree = "<group>"; };
		156A62402F9B396A000CA06D /* autolink.h */ = {isa = PBXFileReference; lastKnownFileType = sourcecode.c.h; path = autolink.h; sourceTree = "<group>"; };
		156A62412F9B396A000CA06D /* autolink.c */ = {isa = PBXFileReference; lastKnownFileType = sourcecode.c.c; path = autolink.c; sourceTree = "<group>"; };
		156A62432F9B396A000CA06D /* core-extensions.c */ = {isa = PBXFileReference; lastKnownFileType = sourcecode.c.c; path = "core-extensions.c"; sourceTree = "<group>"; };
		156A62442F9B396A000CA06D /* ext_scanners.h */ = {isa = PBXFileReference; lastKnownFileType = sourcecode.c.h; path = ext_scanners.h; sourceTree = "<group>"; };
		156A62452F9B396A000CA06D /* ext_scanners.c */ = {isa = PBXFileReference; lastKnownFileType = sourcecode.c.c; path = ext_scanners.c; sourceTree = "<group>"; };
		156A62472F9B396A000CA06D /* strikethrough.h */ = {isa = PBXFileReference; lastKnownFileType = sourcecode.c.h; path = strikethrough.h; sourceTree = "<group>"; };
		156A62482F9B396A000CA06D /* strikethrough.c */ = {isa = PBXFileReference; lastKnownFileType = sourcecode.c.c; path = strikethrough.c; sourceTree = "<group>"; };
		156A62492F9B396A000CA06D /* table.h */ = {isa = PBXFileReference; lastKnownFileType = sourcecode.c.h; path = table.h; sourceTree = "<group>"; };
		156A624A2F9B396A000CA06D /* table.c */ = {isa = PBXFileReference; lastKnownFileType = sourcecode.c.c; path = table.c; sourceTree = "<group>"; };
		156A624B2F9B396A000CA06D /* tagfilter.h */ = {isa = PBXFileReference; lastKnownFileType = sourcecode.c.h; path = tagfilter.h; sourceTree = "<group>"; };
		156A624C2F9B396A000CA06D /* tagfilter.c */ = {isa = PBXFileReference; lastKnownFileType = sourcecode.c.c; path = tagfilter.c; sourceTree = "<group>"; };
		156A624D2F9B396A000CA06D /* tasklist.h */ = {isa = PBXFileReference; lastKnownFileType = sourcecode.c.h; path = tasklist.h; sourceTree = "<group>"; };
		156A624E2F9B396A000CA06D /* tasklist.c */ = {isa = PBXFileReference; lastKnownFileType = sourcecode.c.c; path = tasklist.c; sourceTree = "<group>"; };
		156A62502F9B396A000CA06D /* buffer.h */ = {isa = PBXFileReference; lastKnownFileType = sourcecode.c.h; path = buffer.h; sourceTree = "<group>"; };
		156A62512F9B396A000CA06D /* chunk.h */ = {isa = PBXFileReference; lastKnownFileType = sourcecode.c.h; path = chunk.h; sourceTree = "<group>"; };
		156A62522F9B396A000CA06D /* cmark_ctype.h */ = {isa = PBXFileReference; lastKnownFileType = sourcecode.c.h; path = cmark_ctype.h; sourceTree = "<group>"; };
		156A62532F9B396A000CA06D /* cmark-gfm.h */ = {isa = PBXFileReference; lastKnownFileType = sourcecode.c.h; path = "cmark-gfm.h"; sourceTree = "<group>"; };
		156A62542F9B396A000CA06D /* cmark-gfm_config.h */ = {isa = PBXFileReference; lastKnownFileType = sourcecode.c.h; path = "cmark-gfm_config.h"; sourceTree = "<group>"; };
		156A62552F9B396A000CA06D /* cmark-gfm_version.h */ = {isa = PBXFileReference; lastKnownFileType = sourcecode.c.h; path = "cmark-gfm_version.h"; sourceTree = "<group>"; };
		156A62562F9B396A000CA06D /* cmark-gfm-extension_api.h */ = {isa = PBXFileReference; lastKnownFileType = sourcecode.c.h; path = "cmark-gfm-extension_api.h"; sourceTree = "<group>"; };
		156A62572F9B396A000CA06D /* export.h */ = {isa = PBXFileReference; lastKnownFileType = sourcecode.c.h; path = export.h; sourceTree = "<group>"; };
		156A62582F9B396A000CA06D /* footnotes.h */ = {isa = PBXFileReference; lastKnownFileType = sourcecode.c.h; path = footnotes.h; sourceTree = "<group>"; };
		156A62592F9B396A000CA06D /* houdini.h */ = {isa = PBXFileReference; lastKnownFileType = sourcecode.c.h; path = houdini.h; sourceTree = "<group>"; };
		156A625A2F9B396A000CA06D /* html.h */ = {isa = PBXFileReference; lastKnownFileType = sourcecode.c.h; path = html.h; sourceTree = "<group>"; };
		156A625B2F9B396A000CA06D /* inlines.h */ = {isa = PBXFileReference; lastKnownFileType = sourcecode.c.h; path = inlines.h; sourceTree = "<group>"; };
		156A625C2F9B396A000CA06D /* iterator.h */ = {isa = PBXFileReference; lastKnownFileType = sourcecode.c.h; path = iterator.h; sourceTree = "<group>"; };
		156A625D2F9B396A000CA06D /* map.h */ = {isa = PBXFileReference; lastKnownFileType = sourcecode.c.h; path = map.h; sourceTree = "<group>"; };
		156A625F2F9B396A000CA06D /* mutex.h */ = {isa = PBXFileReference; lastKnownFileType = sourcecode.c.h; path = mutex.h; sourceTree = "<group>"; };
		156A62602F9B396A000CA06D /* node.h */ = {isa = PBXFileReference; lastKnownFileType = sourcecode.c.h; path = node.h; sourceTree = "<group>"; };
		156A62612F9B396A000CA06D /* parser.h */ = {isa = PBXFileReference; lastKnownFileType = sourcecode.c.h; path = parser.h; sourceTree = "<group>"; };
		156A62622F9B396A000CA06D /* plugin.h */ = {isa = PBXFileReference; lastKnownFileType = sourcecode.c.h; path = plugin.h; sourceTree = "<group>"; };
		156A62632F9B396A000CA06D /* references.h */ = {isa = PBXFileReference; lastKnownFileType = sourcecode.c.h; path = references.h; sourceTree = "<group>"; };
		156A62642F9B396A000CA06D /* registry.h */ = {isa = PBXFileReference; lastKnownFileType = sourcecode.c.h; path = registry.h; sourceTree = "<group>"; };
		156A62652F9B396A000CA06D /* render.h */ = {isa = PBXFileReference; lastKnownFileType = sourcecode.c.h; path = render.h; sourceTree = "<group>"; };
		156A62662F9B396A000CA06D /* scanners.h */ = {isa = PBXFileReference; lastKnownFileType = sourcecode.c.h; path = scanners.h; sourceTree = "<group>"; };
		156A62672F9B396A000CA06D /* syntax_extension.h */ = {isa = PBXFileReference; lastKnownFileType = sourcecode.c.h; path = syntax_extension.h; sourceTree = "<group>"; };
		156A62682F9B396A000CA06D /* utf8.h */ = {isa = PBXFileReference; lastKnownFileType = sourcecode.c.h; path = utf8.h; sourceTree = "<group>"; };
		156A626A2F9B396A000CA06D /* arena.c */ = {isa = PBXFileReference; lastKnownFileType = sourcecode.c.c; path = arena.c; sourceTree = "<group>"; };
		156A626B2F9B396A000CA06D /* blocks.c */ = {isa = PBXFileReference; lastKnownFileType = sourcecode.c.c; path = blocks.c; sourceTree = "<group>"; };
		156A626C2F9B396A000CA06D /* buffer.c */ = {isa = PBXFileReference; lastKnownFileType = sourcecode.c.c; path = buffer.c; sourceTree = "<group>"; };
		156A626F2F9B396A000CA06D /* cmark.c */ = {isa = PBXFileReference; lastKnownFileType = sourcecode.c.c; path = cmark.c; sourceTree = "<group>"; };
		156A62702F9B396A000CA06D /* cmark_ctype.c */ = {isa = PBXFileReference; lastKnownFileType = sourcecode.c.c; path = cmark_ctype.c; sourceTree = "<group>"; };
		156A62712F9B396A000CA06D /* commonmark.c */ = {isa = PBXFileReference; lastKnownFileType = sourcecode.c.c; path = commonmark.c; sourceTree = "<group>"; };
		156A62742F9B396A000CA06D /* footnotes.c */ = {isa = PBXFileReference; lastKnownFileType = sourcecode.c.c; path = footnotes.c; sourceTree = "<group>"; };
		156A62752F9B396A000CA06D /* houdini_href_e.c */ = {isa = PBXFileReference; lastKnownFileType = sourcecode.c.c; path = houdini_href_e.c; sourceTree = "<group>"; };
		156A62762F9B396A000CA06D /* houdini_html_e.c */ = {isa = PBXFileReference; lastKnownFileType = sourcecode.c.c; path = houdini_html_e.c; sourceTree = "<group>"; };
		156A62772F9B396A000CA06D /* houdini_html_u.c */ = {isa = PBXFileReference; lastKnownFileType = sourcecode.c.c; path = houdini_html_u.c; sourceTree = "<group>"; };
		156A62782F9B396A000CA06D /* html.c */ = {isa = PBXFileReference; lastKnownFileType = sourcecode.c.c; path = html.c; sourceTree = "<group>"; };
		156A62792F9B396A000CA06D /* inlines.c */ = {isa = PBXFileReference; lastKnownFileType = sourcecode.c.c; path = inlines.c; sourceTree = "<group>"; };
		156A627A2F9B396A000CA06D /* iterator.c */ = {isa = PBXFileReference; lastKnownFileType = sourcecode.c.c; path = iterator.c; sourceTree = "<group>"; };
		156A627B2F9B396A000CA06D /* latex.c */ = {isa = PBXFileReference; lastKnownFileType = sourcecode.c.c; path = latex.c; sourceTree = "<group>"; };
		156A627D2F9B396A000CA06D /* linked_list.c */ = {isa = PBXFileReference; lastKnownFileType = sourcecode.c.c; path = linked_list.c; sourceTree = "<group>"; };
		156A627E2F9B396A000CA06D /* man.c */ = {isa = PBXFileReference; lastKnownFileType = sourcecode.c.c; path = man.c; sourceTree = "<group>"; };
		156A627F2F9B396A000CA06D /* map.c */ = {isa = PBXFileReference; lastKnownFileType = sourcecode.c.c; path = map.c; sourceTree = "<group>"; };
		156A62802F9B396A000CA06D /* node.c */ = {isa = PBXFileReference; lastKnownFileType = sourcecode.c.c; path = node.c; sourceTree = "<group>"; };
		156A62812F9B396A000CA06D /* plaintext.c */ = {isa = PBXFileReference; lastKnownFileType = sourcecode.c.c; path = plaintext.c; sourceTree = "<group>"; };
		156A62822F9B396A000CA06D /* plugin.c */ = {isa = PBXFileReference; lastKnownFileType = sourcecode.c.c; path = plugin.c; sourceTree = "<group>"; };
		156A62832F9B396A000CA06D /* references.c */ = {isa = PBXFileReference; lastKnownFileType = sourcecode.c.c; path = references.c; sourceTree = "<group>"; };
		156A62842F9B396A000CA06D /* registry.c */ = {isa = PBXFileReference; lastKnownFileType = sourcecode.c.c; path = registry.c; sourceTree = "<group>"; };
		156A62852F9B396A000CA06D /* render.c */ = {isa = PBXFileReference; lastKnownFileType = sourcecode.c.c; path = render.c; sourceTree = "<group>"; };
		156A62862F9B396A000CA06D /* scanners.c */ = {isa = PBXFileReference; lastKnownFileType = sourcecode.c.c; path = scanners.c; sourceTree = "<group>"; };
		156A62882F9B396A000CA06D /* syntax_extension.c */ = {isa = PBXFileReference; lastKnownFileType = sourcecode.c.c; path = syntax_extension.c; sourceTree = "<group>"; };
		156A62892F9B396A000CA06D /* utf8.c */ = {isa = PBXFileReference; lastKnownFileType = sourcecode.c.c; path = utf8.c; sourceTree = "<group>"; };
		156A628A2F9B396A000CA06D /* xml.c */ = {isa = PBXFileReference; lastKnownFileType = sourcecode.c.c; path = xml.c; sourceTree = "<group>"; };
		15FC6511237E4EF700B5DFB0 /* Markdium.framework */ = {isa = PBXFileReference; explicitFileType = wrapper.framework; includeInIndex = 0; path = Markdium.framework; sourceTree = BUILT_PRODUCTS_DIR; };
		15FC6514237E4EF700B5DFB0 /* Markdium.h */ = {isa = PBXFileReference; lastKnownFileType = sourcecode.c.h; path = Markdium.h; sourceTree = "<group>"; };
		15FC6515237E4EF700B5DFB0 /* Info.plist */ = {isa = PBXFileReference; lastKnownFileType = text.plist.xml; path = Info.plist; sourceTree = "<group>"; };
		15FC65AE237E526800B5DFB0 /* config.h */ = {isa = PBXFileReference; fileEncoding = 4; lastKnownFileType = sourcecode.c.h; path = config.h; sourceTree = "<group>"; };
		15FC65B5237E532300B5DFB0 /* Markdium.mm */ = {isa = PBXFileReference; lastKnownFileType = sourcecode.cpp.objcpp; path = Markdium.mm; sourceTree = "<group>"; };
		15FC6899237E684E00B5DFB0 /* Markdium-Prefix.pch */ = {isa = PBXFileReference; lastKnownFileType = sourcecode.c.h; path = "Markdium-Prefix.pch"; sourceTree = "<group>"; };
/* End PBXFileReference section */

/* Begin PBXFrameworksBuildPhase section */
		1564011A237E9C6100F8CD81 /* Frameworks */ = {
			isa = PBXFrameworksBuildPhase;
			buildActionMask = 2147483647;
			files = (
				15640127237E9C8100F8CD81 /* Markdium.framework in Frameworks */,
			);
			runOnlyForDeploymentPostprocessing = 0;
		};
		15FC650E237E4EF700B5DFB0 /* Frameworks */ = {
			isa = PBXFrameworksBuildPhase;
			buildActionMask = 2147483647;
			files = (
			);
			runOnlyForDeploymentPostprocessing = 0;
		};
/* End PBXFrameworksBuildPhase section */

/* Begin PBXGroup section */
		1564011E237E9C6100F8CD81 /* cmark-gfm */ = {
			isa = PBXGroup;
			children = (
				1564011F237E9C6100F8CD81 /* main.m */,
			);
			path = "cmark-gfm";
			sourceTree = "<group>";
		};
		15640126237E9C8100F8CD81 /* Frameworks */ = {
			isa = PBXGroup;
			children = (
			);
			name = Frameworks;
			sourceTree = "<group>";
		};
		156A623F2F9B396A000CA06D /* include */ = {
			isa = PBXGroup;
			children = (
				156A623D2F9B396A000CA06D /* cmark-gfm-core-extensions.h */,
			);
			path = include;
			sourceTree = "<group>";
		};
		156A624F2F9B396A000CA06D /* extensions */ = {
			isa = PBXGroup;
			children = (
				156A623F2F9B396A000CA06D /* include */,
				156A62402F9B396A000CA06D /* autolink.h */,
				156A62412F9B396A000CA06D /* autolink.c */,
				156A62432F9B396A000CA06D /* core-extensions.c */,
				156A62442F9B396A000CA06D /* ext_scanners.h */,
				156A62452F9B396A000CA06D /* ext_scanners.c */,
				156A62472F9B396A000CA06D /* strikethrough.h */,
				156A62482F9B396A000CA06D /* strikethrough.c */,
				156A62492F9B396A000CA06D /* table.h */,
				156A624A2F9B396A000CA06D /* table.c */,
				156A624B2F9B396A000CA06D /* tagfilter.h */,
				156A624C2F9B396A000CA06D /* tagfilter.c */,
				156A624D2F9B396A000CA06D /* tasklist.h */,
				156A624E2F9B396A000CA06D /* tasklist.c */,
			);
			path = extensions;
			sourceTree = "<group>";
		};
		156A62692F9B396A000CA06D /* include */ = {
			isa = PBXGroup;
			children = (
				156A62502F9B396A000CA06D /* buffer.h */,
				156A62512F9B396A000CA06D /* chunk.h */,
				156A62522F9B396A000CA06D /* cmark_ctype.h */,
				156A62532F9B396A000CA06D /* cmark-gfm.h */,
				156A62542F9B396A000CA06D /* cmark-gfm_config.h */,
				156A62552F9B396A000CA06D /* cmark-gfm_version.h */,
				156A62562F9B396A000CA06D /* cmark-gfm-extension_api.h */,
				156A62572F9B396A000CA06D /* export.h */,
				156A62582F9B396A000CA06D /* footnotes.h */,
				156A62592F9B396A000CA06D /* houdini.h */,
				156A625A2F9B396A000CA06D /* html.h */,
				156A625B2F9B396A000CA06D /* inlines.h */,
				156A625C2F9B396A000CA06D /* iterator.h */,
				156A625D2F9B396A000CA06D /* map.h */,
				156A625F2F9B396A000CA06D /* mutex.h */,
				156A62602F9B396A000CA06D /* node.h */,
				156A62612F9B396A000CA06D /* parser.h */,
				156A62622F9B396A000CA06D /* plugin.h */,
				156A62632F9B396A000CA06D /* references.h */,
				156A62642F9B396A000CA06D /* registry.h */,
				156A62652F9B396A000CA06D /* render.h */,
				156A62662F9B396A000CA06D /* scanners.h */,
				156A62672F9B396A000CA06D /* syntax_extension.h */,
				156A62682F9B396A000CA06D /* utf8.h */,
			);
			path = include;
			sourceTree = "<group>";
		};
		156A628B2F9B396A000CA06D /* src */ = {
			isa = PBXGroup;
			children = (
				156A62692F9B396A000CA06D /* include */,
				156A626A2F9B396A000CA06D /* arena.c */,
				156A626B2F9B396A000CA06D /* blocks.c */,
				156A626C2F9B396A000CA06D /* buffer.c */,
				156A626F2F9B396A000CA06D /* cmark.c */,
				156A62702F9B396A000CA06D /* cmark_ctype.c */,
				156A62712F9B396A000CA06D /* commonmark.c */,
				156A62742F9B396A000CA06D /* footnotes.c */,
				156A62752F9B396A000CA06D /* houdini_href_e.c */,
				156A62762F9B396A000CA06D /* houdini_html_e.c */,
				156A62772F9B396A000CA06D /* houdini_html_u.c */,
				156A62782F9B396A000CA06D /* html.c */,
				156A62792F9B396A000CA06D /* inlines.c */,
				156A627A2F9B396A000CA06D /* iterator.c */,
				156A627B2F9B396A000CA06D /* latex.c */,
				156A627D2F9B396A000CA06D /* linked_list.c */,
				156A627E2F9B396A000CA06D /* man.c */,
				156A627F2F9B396A000CA06D /* map.c */,
				156A62802F9B396A000CA06D /* node.c */,
				156A62812F9B396A000CA06D /* plaintext.c */,
				156A62822F9B396A000CA06D /* plugin.c */,
				156A62832F9B396A000CA06D /* references.c */,
				156A62842F9B396A000CA06D /* registry.c */,
				156A62852F9B396A000CA06D /* render.c */,
				156A62862F9B396A000CA06D /* scanners.c */,
				156A62882F9B396A000CA06D /* syntax_extension.c */,
				156A62892F9B396A000CA06D /* utf8.c */,
				156A628A2F9B396A000CA06D /* xml.c */,
			);
			path = src;
			sourceTree = "<group>";
		};
		15FC6507237E4EF700B5DFB0 = {
			isa = PBXGroup;
			children = (
				15FC6513237E4EF700B5DFB0 /* Markdium */,
				1564011E237E9C6100F8CD81 /* cmark-gfm */,
				15FC6512237E4EF700B5DFB0 /* Products */,
				15640126237E9C8100F8CD81 /* Frameworks */,
			);
			sourceTree = "<group>";
		};
		15FC6512237E4EF700B5DFB0 /* Products */ = {
			isa = PBXGroup;
			children = (
				15FC6511237E4EF700B5DFB0 /* Markdium.framework */,
				1564011D237E9C6100F8CD81 /* cmark-gfm */,
			);
			name = Products;
			sourceTree = "<group>";
		};
		15FC6513237E4EF700B5DFB0 /* Markdium */ = {
			isa = PBXGroup;
			children = (
				15FC65BB237E5D9F00B5DFB0 /* cmark */,
				15478C65237F8A990097C349 /* MarkdiumTypes.h */,
				15478C67237F8AE40097C349 /* MarkdiumTypes.mm */,
				15FC6514237E4EF700B5DFB0 /* Markdium.h */,
				15FC65B5237E532300B5DFB0 /* Markdium.mm */,
				153035E1237FD19100DB9E6E /* MDNode.h */,
				153035E5237FD45200DB9E6E /* MDNode_internal.h */,
				153035E2237FD19100DB9E6E /* MDNode.mm */,
				15478C61237F890A0097C349 /* CMarkParser.h */,
				15478C62237F890A0097C349 /* CMarkParser.mm */,
				15FC6899237E684E00B5DFB0 /* Markdium-Prefix.pch */,
				15FC65AE237E526800B5DFB0 /* config.h */,
				15FC6515237E4EF700B5DFB0 /* Info.plist */,
			);
			path = Markdium;
			sourceTree = "<group>";
		};
		15FC65BB237E5D9F00B5DFB0 /* cmark */ = {
			isa = PBXGroup;
			children = (
				156A624F2F9B396A000CA06D /* extensions */,
				156A628B2F9B396A000CA06D /* src */,
			);
			path = cmark;
			sourceTree = SOURCE_ROOT;
		};
/* End PBXGroup section */

/* Begin PBXHeadersBuildPhase section */
		15FC650C237E4EF700B5DFB0 /* Headers */ = {
			isa = PBXHeadersBuildPhase;
			buildActionMask = 2147483647;
			files = (
				156A62B82F9B396A000CA06D /* export.h in Headers */,
				156A62CF2F9B396A000CA06D /* cmark_ctype.h in Headers */,
				15FC65B1237E526800B5DFB0 /* config.h in Headers */,
				156A62BE2F9B396A000CA06D /* cmark-gfm_version.h in Headers */,
				156A62C02F9B396A000CA06D /* cmark-gfm_config.h in Headers */,
				156A62C42F9B396A000CA06D /* cmark-gfm-extension_api.h in Headers */,
				156A62CA2F9B396A000CA06D /* cmark-gfm-core-extensions.h in Headers */,
				156A62D12F9B396A000CA06D /* cmark-gfm.h in Headers */,
				156A62D02F9B396A000CA06D /* chunk.h in Headers */,
				156A62B92F9B396A000CA06D /* buffer.h in Headers */,
				156A62C22F9B396A000CA06D /* node.h in Headers */,
				156A62B62F9B396A000CA06D /* houdini.h in Headers */,
				156A62B72F9B396A000CA06D /* scanners.h in Headers */,
				156A62BA2F9B396A000CA06D /* html.h in Headers */,
				156A62BB2F9B396A000CA06D /* tasklist.h in Headers */,
				156A62BC2F9B396A000CA06D /* iterator.h in Headers */,
				156A62BD2F9B396A000CA06D /* mutex.h in Headers */,
				156A62BF2F9B396A000CA06D /* strikethrough.h in Headers */,
				156A62C12F9B396A000CA06D /* registry.h in Headers */,
				156A62C32F9B396A000CA06D /* syntax_extension.h in Headers */,
				156A62C52F9B396A000CA06D /* references.h in Headers */,
				156A62C62F9B396A000CA06D /* parser.h in Headers */,
				156A62C72F9B396A000CA06D /* plugin.h in Headers */,
				156A62C82F9B396A000CA06D /* ext_scanners.h in Headers */,
				156A62C92F9B396A000CA06D /* inlines.h in Headers */,
				156A62CB2F9B396A000CA06D /* autolink.h in Headers */,
				156A62CC2F9B396A000CA06D /* map.h in Headers */,
				156A62CD2F9B396A000CA06D /* tagfilter.h in Headers */,
				156A62CE2F9B396A000CA06D /* render.h in Headers */,
				156A62D22F9B396A000CA06D /* footnotes.h in Headers */,
				156A62D32F9B396A000CA06D /* utf8.h in Headers */,
				156A62D42F9B396A000CA06D /* table.h in Headers */,
				15478C66237F8A990097C349 /* MarkdiumTypes.h in Headers */,
				153035E3237FD19100DB9E6E /* MDNode.h in Headers */,
				15FC689A237E684E00B5DFB0 /* Markdium-Prefix.pch in Headers */,
				15478C63237F890A0097C349 /* CMarkParser.h in Headers */,
				15FC6516237E4EF700B5DFB0 /* Markdium.h in Headers */,
				153035E6237FD45200DB9E6E /* MDNode_internal.h in Headers */,
			);
			runOnlyForDeploymentPostprocessing = 0;
		};
/* End PBXHeadersBuildPhase section */

/* Begin PBXNativeTarget section */
		1564011C237E9C6100F8CD81 /* cmark-gfm */ = {
			isa = PBXNativeTarget;
			buildConfigurationList = 15640121237E9C6100F8CD81 /* Build configuration list for PBXNativeTarget "cmark-gfm" */;
			buildPhases = (
				15640119237E9C6100F8CD81 /* Sources */,
				1564011A237E9C6100F8CD81 /* Frameworks */,
				1564011B237E9C6100F8CD81 /* CopyFiles */,
			);
			buildRules = (
			);
			dependencies = (
				15640125237E9C7B00F8CD81 /* PBXTargetDependency */,
			);
			name = "cmark-gfm";
			productName = "cmark-gfm";
			productReference = 1564011D237E9C6100F8CD81 /* cmark-gfm */;
			productType = "com.apple.product-type.tool";
		};
		15FC6510237E4EF700B5DFB0 /* Markdium */ = {
			isa = PBXNativeTarget;
			buildConfigurationList = 15FC6519237E4EF700B5DFB0 /* Build configuration list for PBXNativeTarget "Markdium" */;
			buildPhases = (
				15FC650C237E4EF700B5DFB0 /* Headers */,
				15FC650D237E4EF700B5DFB0 /* Sources */,
				15FC650E237E4EF700B5DFB0 /* Frameworks */,
				15FC650F237E4EF700B5DFB0 /* Resources */,
			);
			buildRules = (
			);
			dependencies = (
			);
			name = Markdium;
			productName = Markdium;
			productReference = 15FC6511237E4EF700B5DFB0 /* Markdium.framework */;
			productType = "com.apple.product-type.framework";
		};
/* End PBXNativeTarget section */

/* Begin PBXProject section */
		15FC6508237E4EF700B5DFB0 /* Project object */ = {
			isa = PBXProject;
			attributes = {
				LastUpgradeCheck = 1120;
				ORGANIZATIONNAME = lvv;
				TargetAttributes = {
					1564011C237E9C6100F8CD81 = {
						CreatedOnToolsVersion = 11.2.1;
					};
					15FC6510237E4EF700B5DFB0 = {
						CreatedOnToolsVersion = 11.2.1;
						LastSwiftMigration = 1120;
					};
				};
			};
			buildConfigurationList = 15FC650B237E4EF700B5DFB0 /* Build configuration list for PBXProject "Markdium" */;
			compatibilityVersion = "Xcode 9.3";
			developmentRegion = en;
			hasScannedForEncodings = 0;
			knownRegions = (
				en,
				Base,
			);
			mainGroup = 15FC6507237E4EF700B5DFB0;
			productRefGroup = 15FC6512237E4EF700B5DFB0 /* Products */;
			projectDirPath = "";
			projectRoot = "";
			targets = (
				15FC6510237E4EF700B5DFB0 /* Markdium */,
				1564011C237E9C6100F8CD81 /* cmark-gfm */,
			);
		};
/* End PBXProject section */

/* Begin PBXResourcesBuildPhase section */
		15FC650F237E4EF700B5DFB0 /* Resources */ = {
			isa = PBXResourcesBuildPhase;
			buildActionMask = 2147483647;
			files = (
			);
			runOnlyForDeploymentPostprocessing = 0;
		};
/* End PBXResourcesBuildPhase section */

/* Begin PBXSourcesBuildPhase section */
		15640119237E9C6100F8CD81 /* Sources */ = {
			isa = PBXSourcesBuildPhase;
			buildActionMask = 2147483647;
			files = (
				15640120237E9C6100F8CD81 /* main.m in Sources */,
			);
			runOnlyForDeploymentPostprocessing = 0;
		};
		15FC650D237E4EF700B5DFB0 /* Sources */ = {
			isa = PBXSourcesBuildPhase;
			buildActionMask = 2147483647;
			files = (
				15478C68237F8AE40097C349 /* MarkdiumTypes.mm in Sources */,
				15478C64237F890A0097C349 /* CMarkParser.mm in Sources */,
				153035E4237FD19100DB9E6E /* MDNode.mm in Sources */,
				15FC65B6237E532300B5DFB0 /* Markdium.mm in Sources */,
				156A628C2F9B396A000CA06D /* arena.c in Sources */,
				156A628D2F9B396A000CA06D /* xml.c in Sources */,
				156A628E2F9B396A000CA06D /* linked_list.c in Sources */,
				156A628F2F9B396A000CA06D /* table.c in Sources */,
				156A62902F9B396A000CA06D /* references.c in Sources */,
				156A62912F9B396A000CA06D /* latex.c in Sources */,
				156A62922F9B396A000CA06D /* map.c in Sources */,
				156A62932F9B396A000CA06D /* autolink.c in Sources */,
				156A62942F9B396A000CA06D /* plugin.c in Sources */,
				156A62952F9B396A000CA06D /* node.c in Sources */,
				156A62982F9B396A000CA06D /* man.c in Sources */,
				156A62992F9B396A000CA06D /* buffer.c in Sources */,
				156A629A2F9B396A000CA06D /* tasklist.c in Sources */,
				156A629B2F9B396A000CA06D /* utf8.c in Sources */,
				156A629C2F9B396A000CA06D /* scanners.c in Sources */,
				156A629D2F9B396A000CA06D /* strikethrough.c in Sources */,
				156A629E2F9B396A000CA06D /* cmark.c in Sources */,
				156A629F2F9B396A000CA06D /* tagfilter.c in Sources */,
				156A62A02F9B396A000CA06D /* footnotes.c in Sources */,
				156A62A12F9B396A000CA06D /* plaintext.c in Sources */,
				156A62A22F9B396A000CA06D /* render.c in Sources */,
				156A62A32F9B396A000CA06D /* iterator.c in Sources */,
				156A62A42F9B396A000CA06D /* html.c in Sources */,
				156A62A52F9B396A000CA06D /* commonmark.c in Sources */,
				156A62A62F9B396A000CA06D /* houdini_html_e.c in Sources */,
				156A62A72F9B396A000CA06D /* registry.c in Sources */,
				156A62A82F9B396A000CA06D /* syntax_extension.c in Sources */,
				156A62A92F9B396A000CA06D /* houdini_html_u.c in Sources */,
				156A62AA2F9B396A000CA06D /* inlines.c in Sources */,
				156A62AB2F9B396A000CA06D /* houdini_href_e.c in Sources */,
				156A62AC2F9B396A000CA06D /* blocks.c in Sources */,
				156A62AD2F9B396A000CA06D /* ext_scanners.c in Sources */,
				156A62AE2F9B396A000CA06D /* cmark_ctype.c in Sources */,
				156A62AF2F9B396A000CA06D /* core-extensions.c in Sources */,
			);
			runOnlyForDeploymentPostprocessing = 0;
		};
/* End PBXSourcesBuildPhase section */

/* Begin PBXTargetDependency section */
		15640125237E9C7B00F8CD81 /* PBXTargetDependency */ = {
			isa = PBXTargetDependency;
			target = 15FC6510237E4EF700B5DFB0 /* Markdium */;
			targetProxy = 15640124237E9C7B00F8CD81 /* PBXContainerItemProxy */;
		};
/* End PBXTargetDependency section */

/* Begin XCBuildConfiguration section */
		15640122237E9C6100F8CD81 /* Debug */ = {
			isa = XCBuildConfiguration;
			buildSettings = {
				CODE_SIGN_STYLE = Automatic;
				MACOSX_DEPLOYMENT_TARGET = 10.9;
				OTHER_LDFLAGS = "-ObjC";
				PRODUCT_NAME = "$(TARGET_NAME)";
				SDKROOT = macosx;
			};
			name = Debug;
		};
		15640123237E9C6100F8CD81 /* Release */ = {
			isa = XCBuildConfiguration;
			buildSettings = {
				CODE_SIGN_STYLE = Automatic;
				MACOSX_DEPLOYMENT_TARGET = 10.9;
				OTHER_LDFLAGS = "-ObjC";
				PRODUCT_NAME = "$(TARGET_NAME)";
				SDKROOT = macosx;
			};
			name = Release;
		};
		15FC6517237E4EF700B5DFB0 /* Debug */ = {
			isa = XCBuildConfiguration;
			buildSettings = {
				ALWAYS_SEARCH_USER_PATHS = NO;
				CLANG_ANALYZER_NONNULL = YES;
				CLANG_ANALYZER_NUMBER_OBJECT_CONVERSION = YES_AGGRESSIVE;
				CLANG_CXX_LANGUAGE_STANDARD = "gnu++14";
				CLANG_CXX_LIBRARY = "libc++";
				CLANG_ENABLE_MODULES = YES;
				CLANG_ENABLE_OBJC_ARC = YES;
				CLANG_ENABLE_OBJC_WEAK = YES;
				CLANG_WARN_BLOCK_CAPTURE_AUTORELEASING = YES;
				CLANG_WARN_BOOL_CONVERSION = YES;
				CLANG_WARN_COMMA = YES;
				CLANG_WARN_CONSTANT_CONVERSION = YES;
				CLANG_WARN_DEPRECATED_OBJC_IMPLEMENTATIONS = YES;
				CLANG_WARN_DIRECT_OBJC_ISA_USAGE = YES_ERROR;
				CLANG_WARN_DOCUMENTATION_COMMENTS = YES;
				CLANG_WARN_EMPTY_BODY = YES;
				CLANG_WARN_ENUM_CONVERSION = YES;
				CLANG_WARN_INFINITE_RECURSION = YES;
				CLANG_WARN_INT_CONVERSION = YES;
				CLANG_WARN_NON_LITERAL_NULL_CONVERSION = YES;
				CLANG_WARN_OBJC_IMPLICIT_RETAIN_SELF = YES;
				CLANG_WARN_OBJC_LITERAL_CONVERSION = YES;
				CLANG_WARN_OBJC_ROOT_CLASS = YES_ERROR;
				CLANG_WARN_RANGE_LOOP_ANALYSIS = YES;
				CLANG_WARN_STRICT_PROTOTYPES = YES;
				CLANG_WARN_SUSPICIOUS_MOVE = YES;
				CLANG_WARN_UNGUARDED_AVAILABILITY = YES_AGGRESSIVE;
				CLANG_WARN_UNREACHABLE_CODE = YES;
				CLANG_WARN__DUPLICATE_METHOD_MATCH = YES;
				COPY_PHASE_STRIP = NO;
				CURRENT_PROJECT_VERSION = 1;
				DEBUG_INFORMATION_FORMAT = dwarf;
				ENABLE_STRICT_OBJC_MSGSEND = YES;
				ENABLE_TESTABILITY = YES;
				GCC_C_LANGUAGE_STANDARD = gnu11;
				GCC_DYNAMIC_NO_PIC = NO;
				GCC_NO_COMMON_BLOCKS = YES;
				GCC_OPTIMIZATION_LEVEL = 0;
				GCC_PREPROCESSOR_DEFINITIONS = (
					"DEBUG=1",
					"$(inherited)",
				);
				GCC_WARN_64_TO_32_BIT_CONVERSION = YES;
				GCC_WARN_ABOUT_RETURN_TYPE = YES_ERROR;
				GCC_WARN_UNDECLARED_SELECTOR = YES;
				GCC_WARN_UNINITIALIZED_AUTOS = YES_AGGRESSIVE;
				GCC_WARN_UNUSED_FUNCTION = YES;
				GCC_WARN_UNUSED_VARIABLE = YES;
				IPHONEOS_DEPLOYMENT_TARGET = 11.0;
				MACOSX_DEPLOYMENT_TARGET = 10.10;
				MTL_ENABLE_DEBUG_INFO = INCLUDE_SOURCE;
				MTL_FAST_MATH = YES;
				ONLY_ACTIVE_ARCH = YES;
				SWIFT_ACTIVE_COMPILATION_CONDITIONS = DEBUG;
				SWIFT_OPTIMIZATION_LEVEL = "-Onone";
				SWIFT_VERSION = 5.0;
				TVOS_DEPLOYMENT_TARGET = 9.0;
				VERSIONING_SYSTEM = "apple-generic";
				VERSION_INFO_PREFIX = "";
			};
			name = Debug;
		};
		15FC6518237E4EF700B5DFB0 /* Release */ = {
			isa = XCBuildConfiguration;
			buildSettings = {
				ALWAYS_SEARCH_USER_PATHS = NO;
				CLANG_ANALYZER_NONNULL = YES;
				CLANG_ANALYZER_NUMBER_OBJECT_CONVERSION = YES_AGGRESSIVE;
				CLANG_CXX_LANGUAGE_STANDARD = "gnu++14";
				CLANG_CXX_LIBRARY = "libc++";
				CLANG_ENABLE_MODULES = YES;
				CLANG_ENABLE_OBJC_ARC = YES;
				CLANG_ENABLE_OBJC_WEAK = YES;
				CLANG_WARN_BLOCK_CAPTURE_AUTORELEASING = YES;
				CLANG_WARN_BOOL_CONVERSION = YES;
				CLANG_WARN_COMMA = YES;
				CLANG_WARN_CONSTANT_CONVERSION = YES;
				CLANG_WARN_DEPRECATED_OBJC_IMPLEMENTATIONS = YES;
				CLANG_WARN_DIRECT_OBJC_ISA_USAGE = YES_ERROR;
				CLANG_WARN_DOCUMENTATION_COMMENTS = YES;
				CLANG_WARN_EMPTY_BODY = YES;
				CLANG_WARN_ENUM_CONVERSION = YES;
				CLANG_WARN_INFINITE_RECURSION = YES;
				CLANG_WARN_INT_CONVERSION = YES;
				CLANG_WARN_NON_LITERAL_NULL_CONVERSION = YES;
				CLANG_WARN_OBJC_IMPLICIT_RETAIN_SELF = YES;
				CLANG_WARN_OBJC_LITERAL_CONVERSION = YES;
				CLANG_WARN_OBJC_ROOT_CLASS = YES_ERROR;
				CLANG_WARN_RANGE_LOOP_ANALYSIS = YES;
				CLANG_WARN_STRICT_PROTOTYPES = YES;
				CLANG_WARN_SUSPICIOUS_MOVE = YES;
				CLANG_WARN_UNGUARDED_AVAILABILITY = YES_AGGRESSIVE;
				CLANG_WARN_UNREACHABLE_CODE = YES;
				CLANG_WARN__DUPLICATE_METHOD_MATCH = YES;
				COPY_PHASE_STRIP = NO;
				CURRENT_PROJECT_VERSION = 1;
				DEBUG_INFORMATION_FORMAT = "dwarf-with-dsym";
				ENABLE_NS_ASSERTIONS = NO;
				ENABLE_STRICT_OBJC_MSGSEND = YES;
				GCC_C_LANGUAGE_STANDARD = gnu11;
				GCC_NO_COMMON_BLOCKS = YES;
				GCC_WARN_64_TO_32_BIT_CONVERSION = YES;
				GCC_WARN_ABOUT_RETURN_TYPE = YES_ERROR;
				GCC_WARN_UNDECLARED_SELECTOR = YES;
				GCC_WARN_UNINITIALIZED_AUTOS = YES_AGGRESSIVE;
				GCC_WARN_UNUSED_FUNCTION = YES;
				GCC_WARN_UNUSED_VARIABLE = YES;
				IPHONEOS_DEPLOYMENT_TARGET = 11.0;
				MACOSX_DEPLOYMENT_TARGET = 10.10;
				MTL_ENABLE_DEBUG_INFO = NO;
				MTL_FAST_MATH = YES;
				SWIFT_COMPILATION_MODE = wholemodule;
				SWIFT_OPTIMIZATION_LEVEL = "-O";
				SWIFT_VERSION = 5.0;
				TVOS_DEPLOYMENT_TARGET = 9.0;
				VALIDATE_PRODUCT = YES;
				VERSIONING_SYSTEM = "apple-generic";
				VERSION_INFO_PREFIX = "";
			};
			name = Release;
		};
		15FC651A237E4EF700B5DFB0 /* Debug */ = {
			isa = XCBuildConfiguration;
			buildSettings = {
				CLANG_ENABLE_MODULES = YES;
				CODE_SIGN_STYLE = Automatic;
				DEFINES_MODULE = YES;
				DYLIB_COMPATIBILITY_VERSION = 1;
				DYLIB_CURRENT_VERSION = 1;
				DYLIB_INSTALL_NAME_BASE = "@rpath";
				GCC_PRECOMPILE_PREFIX_HEADER = YES;
				GCC_PREFIX_HEADER = "Markdium/Markdium-Prefix.pch";
				INFOPLIST_FILE = Markdium/Info.plist;
				INSTALL_PATH = "$(LOCAL_LIBRARY_DIR)/Frameworks";
				LD_RUNPATH_SEARCH_PATHS = (
					"$(inherited)",
					"@executable_path/Frameworks",
					"@loader_path/Frameworks",
				);
				LIBRARY_SEARCH_PATHS = (
					"$(inherited)",
					"$(PROJECT_DIR)/cmark/build/extensions",
					"$(PROJECT_DIR)/cmark/build/src",
				);
				MACH_O_TYPE = staticlib;
				MODULEMAP_FILE = "";
				PRODUCT_BUNDLE_IDENTIFIER = me.lvv.Markdium;
				PRODUCT_NAME = "$(TARGET_NAME:c99extidentifier)";
				SKIP_INSTALL = YES;
				SUPPORTED_PLATFORMS = "appletvsimulator appletvos iphoneos iphonesimulator macosx";
				SUPPORTS_MACCATALYST = YES;
				SWIFT_OPTIMIZATION_LEVEL = "-Onone";
				TARGETED_DEVICE_FAMILY = "1,2,3,6";
			};
			name = Debug;
		};
		15FC651B237E4EF700B5DFB0 /* Release */ = {
			isa = XCBuildConfiguration;
			buildSettings = {
				CLANG_ENABLE_MODULES = YES;
				CODE_SIGN_STYLE = Automatic;
				DEFINES_MODULE = YES;
				DYLIB_COMPATIBILITY_VERSION = 1;
				DYLIB_CURRENT_VERSION = 1;
				DYLIB_INSTALL_NAME_BASE = "@rpath";
				GCC_PRECOMPILE_PREFIX_HEADER = YES;
				GCC_PREFIX_HEADER = "Markdium/Markdium-Prefix.pch";
				INFOPLIST_FILE = Markdium/Info.plist;
				INSTALL_PATH = "$(LOCAL_LIBRARY_DIR)/Frameworks";
				LD_RUNPATH_SEARCH_PATHS = (
					"$(inherited)",
					"@executable_path/Frameworks",
					"@loader_path/Frameworks",
				);
				LIBRARY_SEARCH_PATHS = (
					"$(inherited)",
					"$(PROJECT_DIR)/cmark/build/extensions",
					"$(PROJECT_DIR)/cmark/build/src",
				);
				MACH_O_TYPE = staticlib;
				MODULEMAP_FILE = "";
				PRODUCT_BUNDLE_IDENTIFIER = me.lvv.Markdium;
				PRODUCT_NAME = "$(TARGET_NAME:c99extidentifier)";
				SKIP_INSTALL = YES;
				SUPPORTED_PLATFORMS = "appletvsimulator appletvos iphoneos iphonesimulator macosx";
				SUPPORTS_MACCATALYST = YES;
				TARGETED_DEVICE_FAMILY = "1,2,3,6";
			};
			name = Release;
		};
/* End XCBuildConfiguration section */

/* Begin XCConfigurationList section */
		15640121237E9C6100F8CD81 /* Build configuration list for PBXNativeTarget "cmark-gfm" */ = {
			isa = XCConfigurationList;
			buildConfigurations = (
				15640122237E9C6100F8CD81 /* Debug */,
				15640123237E9C6100F8CD81 /* Release */,
			);
			defaultConfigurationIsVisible = 0;
			defaultConfigurationName = Release;
		};
		15FC650B237E4EF700B5DFB0 /* Build configuration list for PBXProject "Markdium" */ = {
			isa = XCConfigurationList;
			buildConfigurations = (
				15FC6517237E4EF700B5DFB0 /* Debug */,
				15FC6518237E4EF700B5DFB0 /* Release */,
			);
			defaultConfigurationIsVisible = 0;
			defaultConfigurationName = Release;
		};
		15FC6519237E4EF700B5DFB0 /* Build configuration list for PBXNativeTarget "Markdium" */ = {
			isa = XCConfigurationList;
			buildConfigurations = (
				15FC651A237E4EF700B5DFB0 /* Debug */,
				15FC651B237E4EF700B5DFB0 /* Release */,
			);
			defaultConfigurationIsVisible = 0;
			defaultConfigurationName = Release;
		};
/* End XCConfigurationList section */
	};
	rootObject = 15FC6508237E4EF700B5DFB0 /* Project object */;
}
